github.com/go-fsctl/btrfs v0.0.0-20260702210207-ac16f1e2cf10 h1:RPO6+Ps3hnjvf+kI0aMUmuWkbln0XayVzBTGiNBLX7g=
github.com/go-fsctl/btrfs v0.0.0-20260702210207-ac16f1e2cf10/go.mod h1:Dp/GKFYigxCVnHUCQI/LMjGdBUY2bIaYvmJa20cCzOM=
github.com/go-fsctl/btrfs v0.0.0-20260806070239-60c1450e9021 h1:HJ5lYupUUseoyYuNjTOgd98oFKAKm5GgPVlm6uw/gdw=
github.com/go-fsctl/btrfs v0.0.0-20260806070239-60c1450e9021/go.mod h1:d2sjLdx37kOcCutgeRVJy5JRJev9GjqA/crpuaaFtGQ=
github.com/go-fsctl/dm v0.0.0-20260702210211-c5ff7577c12d h1:o9P+jLFwZRC1GWOjqGYDjMllnJMtwBQZUc6gs35Ld9w=
github.com/go-fsctl/dm v0.0.0-20260702210211-c5ff7577c12d/go.mod h1:PLjBnxV9sz37dHhesjZb4GXzbWwJXEbWBhZMPwwyu00=
github.com/go-fsctl/dm v0.0.0-20260806070235-e9df0772d6f9 h1:KVVqgVi4iyWwc+P10/kSYRFv6XYiGEgpCzv2PYhSM1s=
github.com/go-fsctl/dm v0.0.0-20260806070235-e9df0772d6f9/go.mod h1:1nBB0lU1Ba9VxsmtNTzcxkpnpl2UF9BjmGe1eU9f6dw=
github.com/go-fsctl/loop v0.0.0-20260702210214-4889c7190b92 h1:KYzaIZBJ+uIDBeuAD2qvkb/Mwy1giM7Y4AM39q4x0Qw=
github.com/go-fsctl/loop v0.0.0-20260702210214-4889c7190b92/go.mod h1:vn2fngt1uRUNGbsJpXwla05DVEjWDvuNcT9KkOmnoaU=
github.com/go-fsctl/loop v0.0.0-20260806070242-8bbd0c43e1ed h1:HPpJJdonl7ewAJOEFrxtyi4xm35Gv84sXsJ8ZdwurRg=
github.com/go-fsctl/loop v0.0.0-20260806070242-8bbd0c43e1ed/go.mod h1:j9SxnrRpg004obPsD8PXTcU5m/JDPcFwY582ikxQKqw=
github.com/go-fsctl/zfs v0.0.0-20260707161021-1505f636d4ef h1:2MnsD/jO+Z5Oe2KhLD1murDkpS44f88fgtcYtx8uYUQ=
github.com/go-fsctl/zfs v0.0.0-20260707161021-1505f636d4ef/go.mod h1:49SzOlhqPKNI3sinVDSUqGt9RTpqv9WyR4bZIpHMWbE=
github.com/go-fsctl/zfs v0.0.0-20260806070246-7c62789d6585 h1:sQ0iQ78LUY8Sai0lhNNhkDaQtv2uvnhmvJvoMmVWSUI=
github.com/go-fsctl/zfs v0.0.0-20260806070246-7c62789d6585/go.mod h1:7LSMp8XMhqChDZw/Q+mUTEwORsawiepLmaeleC/y9R0=
github.com/go-fsctl/zfs v0.0.0-20260830075724-9dfb3e345775 h1:oDZ7pOTh+LBHcJlYItu/aRXsu5DCvFk3HLbrXTAj1+o=
github.com/go-fsctl/zfs v0.0.0-20260830075724-9dfb3e345775/go.mod h1:7LSMp8XMhqChDZw/Q+mUTEwORsawiepLmaeleC/y9R0=
golang.org/x/sys v0.46.0 h1:noSf2Fq6F8DBgS+LysIkx7rIExoNHJsxOAtPp4rthXw=
golang.org/x/sys v0.46.0/go.mod h1:4GL1E5IUh+htKOUEOaiffhrAeqysfVGipDYzABqnCmw=
