github.com/go-fsctl/btrfs v0.0.0-20260909205515-af013b8059d4 h1:DA1p9jA+kq7LqOCiI2sSurR+K5ka+aLKELd0DQ8FlGI=
github.com/go-fsctl/btrfs v0.0.0-20260909205515-af013b8059d4/go.mod h1:dfqRswSVk6xBrJ5DjnYv1lVZ2bIkgMPz+wKMJPkq23k=
github.com/go-fsctl/dm v0.0.0-20260909205545-f96e572169b1 h1:Vn3lqFoJQvwR5BQTH9bp/X0tl1iHSk/jL5k7OKENfzo=
github.com/go-fsctl/dm v0.0.0-20260909205545-f96e572169b1/go.mod h1:9TspL+PVPjFOl3vgmEufQxd3KLO+sQIkXrptazQe6Hk=
github.com/go-fsctl/loop v0.0.0-20260909205613-f44229906a8d h1:HihctPbk65zbbW8pkZkDcKj7Eu/1MOYhnD2g6YRjV4U=
github.com/go-fsctl/loop v0.0.0-20260909205613-f44229906a8d/go.mod h1:BtosLDpcA7GM/QXzFJdQMKLdk4JRp4SoR/wAaTvvw3w=
github.com/go-fsctl/zfs v0.0.0-20260909205632-555236126cd6 h1:eThAsCwLeoM0kmHyvslv2jbtriqX/8cE1AtnuV99XHI=
github.com/go-fsctl/zfs v0.0.0-20260909205632-555236126cd6/go.mod h1:s963JBakRrdhCaD1Syi+NWjC01A71KBbe3DnsC3x18I=
golang.org/x/sys v0.48.0 h1:bbX/i/6MgT9BVLM9RT1thmxL04yeTAhbEz4SyadbXoo=
golang.org/x/sys v0.48.0/go.mod h1:hNLxWAXmnKAxqDtdwIYC4bM9oQPEecfsnNMuSxOs3og=
